PODS:
  - Flutter (1.0.0)
  - integration_test (0.0.1):
    - Flutter
  - simple_ios_image_picker (0.0.1):
    - Flutter

DEPENDENCIES:
  - Flutter (from `Flutter`)
  - integration_test (from `.symlinks/plugins/integration_test/ios`)
  - simple_ios_image_picker (from `.symlinks/plugins/simple_ios_image_picker/ios`)

EXTERNAL SOURCES:
  Flutter:
    :path: Flutter
  integration_test:
    :path: ".symlinks/plugins/integration_test/ios"
  simple_ios_image_picker:
    :path: ".symlinks/plugins/simple_ios_image_picker/ios"

SPEC CHECKSUMS:
  Flutter: f04841e97a9d0b0a8025694d0796dd46242b2854
  integration_test: 13825b8a9334a850581300559b8839134b124670
  simple_ios_image_picker: 3a256266da6c597d114cb6773ffac9af6d8e3fa8

PODFILE CHECKSUM: 1959d098c91d8a792531a723c4a9d7e9f6a01e38

COCOAPODS: 1.12.1
